
Microsoft Visual Studio Solution File, Format Version 12.00
# Visual Studio Version 17
VisualStudioVersion = 17.9.34902.65
MinimumVisualStudioVersion = 10.0.40219.1
Project("{8BC9CEB8-8B4A-11D0-8D11-00A0C91BC942}") = "MyForm3.2", "MyForm3.2\MyForm3.2.vcxproj", "{88B2B8A5-DC01-49EF-BAF1-80A59E2B251D}"
EndProject
Global
	GlobalSection(SolutionConfigurationPlatforms) = preSolution
		Debug|x64 = Debug|x64
		Debug|x86 = Debug|x86
		Release|x64 = Release|x64
		Release|x86 = Release|x86
	EndGlobalSection
	GlobalSection(ProjectConfigurationPlatforms) = postSolution
		{88B2B8A5-DC01-49EF-BAF1-80A59E2B251D}.Debug|x64.ActiveCfg = Debug|x64
		{88B2B8A5-DC01-49EF-BAF1-80A59E2B251D}.Debug|x64.Build.0 = Debug|x64
		{88B2B8A5-DC01-49EF-BAF1-80A59E2B251D}.Debug|x86.ActiveCfg = Debug|Win32
		{88B2B8A5-DC01-49EF-BAF1-80A59E2B251D}.Debug|x86.Build.0 = Debug|Win32
		{88B2B8A5-DC01-49EF-BAF1-80A59E2B251D}.Release|x64.ActiveCfg = Release|x64
		{88B2B8A5-DC01-49EF-BAF1-80A59E2B251D}.Release|x64.Build.0 = Release|x64
		{88B2B8A5-DC01-49EF-BAF1-80A59E2B251D}.Release|x86.ActiveCfg = Release|Win32
		{88B2B8A5-DC01-49EF-BAF1-80A59E2B251D}.Release|x86.Build.0 = Release|Win32
	EndGlobalSection
	GlobalSection(SolutionProperties) = preSolution
		HideSolutionNode = FALSE
	EndGlobalSection
	GlobalSection(ExtensibilityGlobals) = postSolution
		SolutionGuid = {2E0CF34C-5813-4770-AF72-B3C2DDA24024}
	EndGlobalSection
EndGlobal
